{
    "_meta": {
        "hash": {
            "sha256": "39e1ea63a3bc646abb0660772627c9956e6cfffc928a906cf6e034b20d52473e"
        },
        "pipfile-spec": 6,
        "requires": {
            "python_version": "3.6"
        },
        "sources": [
            {
                "name": "pypi",
                "url": "https://pypi.org/simple",
                "verify_ssl": true
            }
        ]
    },
    "default": {
        "adal": {
            "hashes": [
                "sha256:e713fe14739e925beed96ede4a8ae3648ffedf894332f46714e2acbb5b771022",
                "sha256:e9cb6da6d1cdaf222d519337894ed8fc35ed702554da94819a21d0f5a8b6ce40"
            ],
            "version": "==0.6.0"
        },
        "applicationinsights": {
            "hashes": [
                "sha256:9093ee9f16219731453a8bd7a7db622cfb16b57edbf0ebe75aaee63ec5dde2da"
            ],
            "index": "pypi",
            "version": "==0.11.3"
        },
        "asn1crypto": {
            "hashes": [
                "sha256:2f1adbb7546ed199e3c90ef23ec95c5cf3585bac7d11fb7eb562a3fe89c64e87",
                "sha256:9d5c20441baf0cb60a4ac34cc447c6c189024b6b4c6cd7877034f4965c464e49"
            ],
            "version": "==0.24.0"
        },
        "azure": {
            "hashes": [
                "sha256:4380c1ef6ad34f9ecf41a84b8f24f56804825cff7ce43c4fded0fb75ff90b396",
                "sha256:9ff83419086776dcca4342b5a1b7338304308fb45b2a3d7b5f445d6da4feb055"
            ],
            "version": "==3.0.0"
        },
        "azure-batch": {
            "hashes": [
                "sha256:017be21a9e6db92473d2e33170d5dd445596fc70d706f73552ac9c6b57a6ef1c",
                "sha256:cd71c7ebb5beab174b6225bbf79ae18d6db0c8d63227a7e514da0a75f138364c"
            ],
            "version": "==4.1.3"
        },
        "azure-common": {
            "hashes": [
                "sha256:9f158d0b1d4500af829b46dab238b52b32f3978c4ed269b9fead6554ebba4876",
                "sha256:a60e37117684a168022af2c5e537448ad878d4ad8e45f147512eae2102f856af"
            ],
            "version": "==1.1.11"
        },
        "azure-cosmosdb-nspkg": {
            "hashes": [
                "sha256:5d83961922812ffb6e23f7321550b2916abbd7480ec5b4a798417c4a682ff5e9",
                "sha256:acf691e692818d9a65c653c7a3485eb8e35c0bdc496bba652e5ea3905ba09cd8"
            ],
            "version": "==2.0.2"
        },
        "azure-cosmosdb-table": {
            "hashes": [
                "sha256:e4c33f6e737801a815f54f31b2480881e000cb855fb0285a22ed7260f26404c6",
                "sha256:f801b519d94dcadfb36891157a4d73eeb94d84c381a0018ef8537adf7671b126"
            ],
            "version": "==1.0.3"
        },
        "azure-datalake-store": {
            "hashes": [
                "sha256:c1cf98e1cce47e9622341845912f2ffbd41ec8a4477430e80e2cbeee88b88c07",
                "sha256:d79995b69828c047dcc7d1ee26bd84d2c7364f15e07948a76d02842c29a7142f"
            ],
            "version": "==0.0.19"
        },
        "azure-eventgrid": {
            "hashes": [
                "sha256:33816fa4912786ea55ca610837685f23e2de8d1b1968cef917ba0a64a8c92b4a",
                "sha256:626f1778dcaaea947fb933f651eb15cb7dc8fab20a97fd97287853755cda7c7b"
            ],
            "version": "==0.1.0"
        },
        "azure-graphrbac": {
            "hashes": [
                "sha256:825b397665f478fab511e521f3f3f4b64189cb9f6c2e7e873b3b7333dc533974",
                "sha256:f94b97bdcf774878fe2f8b8c46a5d6550a4ed891350ed0730c1561a24d488ee2"
            ],
            "version": "==0.40.0"
        },
        "azure-keyvault": {
            "hashes": [
                "sha256:549fafb04e1a3af1fdc94ccde05d59180d637ff6485784f716e7ddb30e6dd0ff",
                "sha256:b37173a7ac45d1fd5e7a77599e09b38365731fefa18b80b75cd24e676389a7af"
            ],
            "version": "==0.3.7"
        },
        "azure-mgmt": {
            "hashes": [
                "sha256:c027defac273731a3cebba6dbda560b965f4dbc47b7b16b73cce5fa98a3ba4de",
                "sha256:cbb755cf7237b35ad9d97f0f51a5b5402e037887c681ec43580d7878f350e4d8"
            ],
            "version": "==2.0.0"
        },
        "azure-mgmt-advisor": {
            "hashes": [
                "sha256:8fdcb41f760a216e6b835eaec11dba61822777b386139d83eee31f0ff63b05da",
                "sha256:9d166cc9868971d03ec852e900fa1f1b95d8829233eff2b1baf702bd34b9887b"
            ],
            "version": "==1.0.1"
        },
        "azure-mgmt-applicationinsights": {
            "hashes": [
                "sha256:929c30559692c77d424ca36f11e98f066c98e7eb7b742c44beadc082715f19df",
                "sha256:f10229eb9e3e9d0ad20188b8d14d67055e86f3815b43b75eedf96b654bee2a9b"
            ],
            "version": "==0.1.1"
        },
        "azure-mgmt-authorization": {
            "hashes": [
                "sha256:4b9576f0787a7b4dec298a641fd4507a9a6e735bdc366c73eb1112e2df2bb588",
                "sha256:ff965fe74916974a51e834615b7204f494a1bad42ad8d43874bd879855554466"
            ],
            "version": "==0.30.0"
        },
        "azure-mgmt-batch": {
            "hashes": [
                "sha256:6e375ecdd5966ee9ee45b29c90a806388c27ceacc2cbd6dd406ff311b5d7da72",
                "sha256:d942e225180d07aae07a43e489ae0acbacd92651be3a019f4eb330a587028161"
            ],
            "version": "==5.0.1"
        },
        "azure-mgmt-batchai": {
            "hashes": [
                "sha256:35bda8468cedd0da03841789d96386f2d06d3789e53df72d9b620ac44e6b6f80",
                "sha256:9103f32e44fb4eebdafbe3074336341ff874424ed94d8756e27dff11b9fed29f"
            ],
            "version": "==0.2.0"
        },
        "azure-mgmt-billing": {
            "hashes": [
                "sha256:56a4365ac272f0221f79396aaabb2217f5b5eb970d28f3d80f83efc5a9481532",
                "sha256:6b90bf078ac5da9480540268e4970573bdde11bbd7187cd970c08ee526c3e585"
            ],
            "version": "==0.1.0"
        },
        "azure-mgmt-cdn": {
            "hashes": [
                "sha256:20511d92258fb323976cd2d5ea67dbddd4c9b5e995e8d05b4a5c6a548e396827",
                "sha256:57e5a78443e65c4ed7bfb9152efd593b87bcc66f0404eb822a63b059a099963b"
            ],
            "version": "==2.0.0"
        },
        "azure-mgmt-cognitiveservices": {
            "hashes": [
                "sha256:bd4e1dcfbaa7b6dce5c236196f2cff0f3a92d7246e60eba888b03137f4fafa87",
                "sha256:f18eb28e4ecf8a02044565e2362234e51bdbbf1aa210d21d70f3b9672c259a46"
            ],
            "version": "==2.0.0"
        },
        "azure-mgmt-commerce": {
            "hashes": [
                "sha256:c48e84ed322fa9ddbc2d7fcca754c5e97171919be94f510bd2579cf5666684c3",
                "sha256:ddcd403bcaf6b7de2cbf1bc249b7db452b35dc1f0503f940368efc722dc0bc90"
            ],
            "version": "==1.0.1"
        },
        "azure-mgmt-compute": {
            "hashes": [
                "sha256:570ec20e439f114dd5c77a18bed10f782df4bb4ae0c0cdef866595a1a5b5237e",
                "sha256:7a28dbef42c4cfe70d9b3a9e9371668f0f448d343136ce98095b503a3085d854"
            ],
            "version": "==3.0.1"
        },
        "azure-mgmt-consumption": {
            "hashes": [
                "sha256:36ea28bb2ed4bec7e4d643444085ba4debed20a01fbd87f599896a4bda3318bd",
                "sha256:9a85a89f30f224d261749be20b4616a0eb8948586f7f0f20573b8ea32f265189"
            ],
            "version": "==2.0.0"
        },
        "azure-mgmt-containerinstance": {
            "hashes": [
                "sha256:3dad1d75a1d210eb001d67e7edc9dbee6f0a965ca928c6632e64243a1e6dfeb5",
                "sha256:617fdfd92ed48014666822a4ccf1f806f2dfa1ce5d1f3d88aca2bde264800e0d"
            ],
            "version": "==0.3.1"
        },
        "azure-mgmt-containerregistry": {
            "hashes": [
                "sha256:116207ea3a99d2525d81f4b8e733c98612aca8a97f35476984140f40f650d905",
                "sha256:12589d5aeba82fdd4bd58cc7676560b31b73c818f59358ce6f598c28b905843a"
            ],
            "version": "==1.0.1"
        },
        "azure-mgmt-containerservice": {
            "hashes": [
                "sha256:84221512228304b75cf67c8331b8af394924acecf30aff23e41564a88d1a2356",
                "sha256:cabf729e503a47c76d31033928c9769ba5a6f1dbf73afa42436adb7226ce4e76"
            ],
            "version": "==3.0.1"
        },
        "azure-mgmt-cosmosdb": {
            "hashes": [
                "sha256:65911bd31d40197a5b5631b5327034bff7cc6bc3f9b1001be0e6abf11f535182",
                "sha256:8f0c399a3c91f218b027e65326ed7eb1c05681ef7f793380f7299866a8ea9725"
            ],
            "version": "==0.3.1"
        },
        "azure-mgmt-datafactory": {
            "hashes": [
                "sha256:b1b79e62a279c65493ff61dc45e04d06e595b1ba1991c817dab9a139f06a8972",
                "sha256:bd991036df940bf56381fc0d46ddb10fbb0ded248405bd0ba612971cdcff94ae"
            ],
            "version": "==0.4.0"
        },
        "azure-mgmt-datalake-analytics": {
            "hashes": [
                "sha256:3db9e722314d972e4976f5b8e4bae17b291b10768646b3749c314c95c281bb5f",
                "sha256:7b5ed7a7ceaf6de8ce594b1b6474754a07cfcbfb06d613c09b1e539d4f62483a"
            ],
            "version": "==0.3.0"
        },
        "azure-mgmt-datalake-nspkg": {
            "hashes": [
                "sha256:28b8774a1aba3e11c431f9c6cc984fde31a0ecbb89270924f392504f4260ca37",
                "sha256:67abb25403fadaa697a790327b5730b2b88c3779b9b4972427253ee3a04d3e1e"
            ],
            "version": "==2.0.0"
        },
        "azure-mgmt-datalake-store": {
            "hashes": [
                "sha256:51bed16a00b2b648a33d7deb111a38903bb5c7d3fad317647f6110bd56b78af9",
                "sha256:d3bdd3071632574d52a423be86a4e24bb1302b1415061d16d8d0ea83edf97d17"
            ],
            "version": "==0.3.0"
        },
        "azure-mgmt-devtestlabs": {
            "hashes": [
                "sha256:7e91bb139b59cfaf1c1b2b0e3e21f091768c658c1879797757dedc6312f00c8c",
                "sha256:d416a6d0883b0d33a63c524db6455ee90a01a72a9d8757653e446bf4d3f69796"
            ],
            "version": "==2.2.0"
        },
        "azure-mgmt-dns": {
            "hashes": [
                "sha256:676cdcd2b83bd4b24782047ec4395657103ea89dacdcf824cf9ed8eb5584d1bf",
                "sha256:b31be581d6f72d8469a72ed2999e1a8e1cd3d7a285ac70d388b4d4f6d240a714"
            ],
            "version": "==1.2.0"
        },
        "azure-mgmt-eventgrid": {
            "hashes": [
                "sha256:646622d17919b6d74483b735491ab8bb7a6fc7cd1da9a56dfdf17fc73e54fd00",
                "sha256:cf22195fe453627e20d81695a14e3c7b9329790763b65243be55d66964c789ac"
            ],
            "version": "==0.4.0"
        },
        "azure-mgmt-eventhub": {
            "hashes": [
                "sha256:30a316ccd7a91fbf397a3df2648ae7dfa218566177f85ed65450a13698f77215",
                "sha256:52eeff25f0e23c060c5f7ffb3cb3dc81988f0e72992eee9f1a3d2ff840a759f4"
            ],
            "version": "==1.2.0"
        },
        "azure-mgmt-hanaonazure": {
            "hashes": [
                "sha256:9fe4dc0adeb772d13918e1d6126d83c7770b762f358487504c5f082f542d0189",
                "sha256:aec953c54809d0cc2f61f24d4d62a97f02c466bdc7906fd66f30120becf0c3df"
            ],
            "version": "==0.1.1"
        },
        "azure-mgmt-iothub": {
            "hashes": [
                "sha256:65ff5bf8cc6096ab468ba444d64b501366218af15f937f0ce14173fadbc1653d",
                "sha256:dd9e2da49098a127080c5279d71c4644155c3d2ba4bf2de2f9f0ca2c5efd53f8"
            ],
            "version": "==0.4.0"
        },
        "azure-mgmt-iothubprovisioningservices": {
            "hashes": [
                "sha256:afc226a76477e9f881979cd5376533a0fdc276b3e9540c3620ada65ef0187bd2",
                "sha256:d3a5aa30ad4b24e1bc94219d7811de4ea667efd968d65084256dd2860831979e"
            ],
            "version": "==0.1.0"
        },
        "azure-mgmt-keyvault": {
            "hashes": [
                "sha256:bd7fff997ce52fd06e0992ff5d4606450e4173e77d6feade7e8b145fe049dcee",
                "sha256:fb7facbcdc9157f7fb83abb41032f257a6013a02205d7c0327b56779ca20fd30"
            ],
            "version": "==0.40.0"
        },
        "azure-mgmt-loganalytics": {
            "hashes": [
                "sha256:0b4e92becb60f3c4d8cb4243ba8f8e285f5593c6c0d05781420f62968f2f9660",
                "sha256:969a22ab28814d86c74a402e6827741e19c5dc7c0c807307cd374a4cafd6276c"
            ],
            "version": "==0.1.0"
        },
        "azure-mgmt-logic": {
            "hashes": [
                "sha256:a64ced3e50a566f60c8e0fc7c697a3db58a88e62583b2dec0d79f570b8efcdea",
                "sha256:f1936dc59977a045fe4ea87ee412b8178f8a368911569e6b36373157ae1f6bf8"
            ],
            "version": "==2.1.0"
        },
        "azure-mgmt-machinelearningcompute": {
            "hashes": [
                "sha256:4bc9ccb2f021253dbf5caaa54b0fb5cc7bf223585c829cc244991949bc344194",
                "sha256:a18be498e0e3e9082b8e7da79e40a653d1227bb363ede6b486c2c01b4f18ce94"
            ],
            "version": "==0.4.0"
        },
        "azure-mgmt-managementpartner": {
            "hashes": [
                "sha256:1b0ec9b9d084e331b863cef77f002ede8cbc6214bb56c3c8dd7945d10c7ffc77",
                "sha256:2d7d5f346cc3d6ad621a39357637565199c51a65c7e451b73aced1c097a78165"
            ],
            "version": "==0.1.0"
        },
        "azure-mgmt-marketplaceordering": {
            "hashes": [
                "sha256:6da12425cbab0cc62f246e7266b4d67aff6bdd031ecbe50c7542c2f2b2440ad4",
                "sha256:fb7a21f4a4a4b8d32bae600614f047a17993111374c9567ac11f241ada61d69f"
            ],
            "version": "==0.1.0"
        },
        "azure-mgmt-media": {
            "hashes": [
                "sha256:656181ee580ff9a6e15cdd5db16e9adfc98b6f39c5108181c36a7ec825fccb87",
                "sha256:75de6bfe55c20220b9db4949af4fd226f38a2580f6d8eab1a2575a38d150fa1a"
            ],
            "version": "==0.2.0"
        },
        "azure-mgmt-monitor": {
            "hashes": [
                "sha256:1c9457c38cfe6704de3ab7320a145bb3a25cd41f55242d53e5519bf3e676eb44",
                "sha256:e0c04b05ed45e192215c75f63c7d3262cebd68337861545679119755645e9c18"
            ],
            "version": "==0.4.0"
        },
        "azure-mgmt-msi": {
            "hashes": [
                "sha256:07ad183a91409973a088d9c6efb88aa212e8a12be1436544b1a343931072f751",
                "sha256:53eed7bc8453b764b4d568320eed032328da5b606185c216f3e93c75fa328858"
            ],
            "version": "==0.1.0"
        },
        "azure-mgmt-network": {
            "hashes": [
                "sha256:10d0266f81e5ca71c3bd85ec2c32d9b15a04c652148e3d7aa46233e72e208536",
                "sha256:ddfff3dd31c7329b26f282615b719e7030c5206e56951daae4f180957c1e5201"
            ],
            "version": "==1.7.1"
        },
        "azure-mgmt-notificationhubs": {
            "hashes": [
                "sha256:5d587f52c2fadedd66fac491c17f8c4c8f693e89f165e45b9bb9f6d1eb6a47f6",
                "sha256:fa5889ace3a900ade01ad904d04b3778c0488bb67fa9b87c7ea389e83e5d5cd4"
            ],
            "version": "==1.0.0"
        },
        "azure-mgmt-nspkg": {
            "hashes": [
                "sha256:0bd439a8e9529387246c3e335920d6474fb67e12f963e4a40bec54933b347220",
                "sha256:e36488d4f5d7d668ef5cc3e6e86f081448fd60c9bf4e051d06ff7cfc5a653e6f"
            ],
            "version": "==2.0.0"
        },
        "azure-mgmt-powerbiembedded": {
            "hashes": [
                "sha256:90601606b4ed1db03a1dee2110162ec545949b370579391cb5e059cbdae717a7",
                "sha256:bb04025c6c9ae314cb4279c0dcb1def43ee1057ad19caf012b0d3bcf5117e1f6"
            ],
            "version": "==1.0.0"
        },
        "azure-mgmt-rdbms": {
            "hashes": [
                "sha256:959c9c6fb4bb9f56e45e93c9d5e5d93b068f52d2c498cf57fd7eeb463a100bfa",
                "sha256:c06419399f04e2757f447731a09d232090a855369c9f975fc90ed9a8bddd0b01"
            ],
            "version": "==0.1.0"
        },
        "azure-mgmt-recoveryservices": {
            "hashes": [
                "sha256:4acba8a6279dc85f8d9951cffb1205e88f956dab53a703854a08b2af5404936a",
                "sha256:55b153ae9771bdbf718f862bbed0691fcbce1a6020db9c1c1aaf1763ea52a066"
            ],
            "version": "==0.2.0"
        },
        "azure-mgmt-recoveryservicesbackup": {
            "hashes": [
                "sha256:a09a514f5c7877406bdf777007683f036f5444f878cf595a15e541e7ba5c1c66",
                "sha256:aa4869a4bcd466abb1065dd0aa9280b47c1b9889dacb6c7d040d92f7ee0f6b9f"
            ],
            "version": "==0.1.1"
        },
        "azure-mgmt-redis": {
            "hashes": [
                "sha256:374a267b83ec4e71077b8afad537863fb93816c96407595cdd02973235356ded",
                "sha256:41d12cea5673b2e277ea298d85bab7d1fdbd0636ff6be08b15ee30a312c07d6d"
            ],
            "version": "==5.0.0"
        },
        "azure-mgmt-relay": {
            "hashes": [
                "sha256:1411e734573ce6166ac7a75fbfc0afb7d6b3f47a94d0b4999b6adf2709eba87c",
                "sha256:d9f987cf2998b8a354f331b2a71082c049193f1e1cd345812e14b9b821365acb"
            ],
            "version": "==0.1.0"
        },
        "azure-mgmt-reservations": {
            "hashes": [
                "sha256:73645c247b9fb2cc39d4cdab85405e55df2e8eab5a478514be0825e253660b9d",
                "sha256:a516216b5c416ad5b20e553cbd0c81f67692998eaee76f19bc943458d8b178a2"
            ],
            "version": "==0.1.0"
        },
        "azure-mgmt-resource": {
            "hashes": [
                "sha256:a506749f20b58e194a5610a5d5e36ac9d08b9361f297306e71857ae2e2f58e4b",
                "sha256:fe65dc43c8643a8c3e731783e98334258bf5dc57cf4ae063401e2b05b9d71d71"
            ],
            "version": "==1.2.2"
        },
        "azure-mgmt-scheduler": {
            "hashes": [
                "sha256:f8b164f0795cf008ffe95659ff0c011af435dd34f0924932c630c1bf7cc1d668",
                "sha256:ffd0aa675a7bfc53ce57cf335fcbccf7055b8927413c6b19af3d57d0ac2ce250"
            ],
            "version": "==1.1.3"
        },
        "azure-mgmt-search": {
            "hashes": [
                "sha256:20399e114dced423563a32fe9b8af5d8ea2cd1e1d08d6df603fbd5ce2e4dbf28",
                "sha256:41b2c6664767994af61b7af6b06cef9101848549524495e603ef51471c034974"
            ],
            "version": "==1.0.0"
        },
        "azure-mgmt-servermanager": {
            "hashes": [
                "sha256:0ac10b4481b66325db63a17397a7f1e8a8a9299a006cf89ac746338e943015f4",
                "sha256:61a05549bd2649f27c65a85b31f3a51496f89413bb525e3a6aaf7c3a4e28d8ff"
            ],
            "version": "==1.2.0"
        },
        "azure-mgmt-servicebus": {
            "hashes": [
                "sha256:7611b312f9ed77d08b45acdd2107b3cd5cd6b4d3d681f00caa7b95f18e716b77",
                "sha256:d678ec3220270dede73863db22506307638d51001c1fd97de07b0ca77210371a"
            ],
            "version": "==0.4.0"
        },
        "azure-mgmt-servicefabric": {
            "hashes": [
                "sha256:9f7789bdc221fcf81608cc5a3e64f1d59d41c453ff1567cb81197b19a2cd6373",
                "sha256:dd58e30f5abd184edf8d82af8eebbf54c37b6e4a1db2d726475bf7749e68d08b"
            ],
            "version": "==0.1.0"
        },
        "azure-mgmt-sql": {
            "hashes": [
                "sha256:6cdfe3d5c2d9660f85f9d19a20d9d79e2efd04d3369d2bf58aa99c34db6aefb2",
                "sha256:db7029a9f5fb59bd462fe13a5192fd45521130dbb32cb712ef1188ccfb669cd0"
            ],
            "version": "==0.8.6"
        },
        "azure-mgmt-storage": {
            "hashes": [
                "sha256:b1fc3a293051dee35dffe12d618f925581d6536c94ca5c05b69461ce941125a1",
                "sha256:d7a60f0675d49f70e74927814e0f1112e6482073c31a95478a55f5bb6e0691db"
            ],
            "version": "==1.5.0"
        },
        "azure-mgmt-subscription": {
            "hashes": [
                "sha256:9f0af1aa0354ed8a783b32b58396575e3627ac714c68c2061523c165d88f0e48",
                "sha256:f9cf41a7db8b55e4ec279027cad54635a0f78f9a6527fc8bcca4aef69ceb4e15"
            ],
            "version": "==0.1.0"
        },
        "azure-mgmt-trafficmanager": {
            "hashes": [
                "sha256:32cd1f5fd8d902cba5dd68f5876eadf5f98f5bef8b33319b20e6b547e7c21d68",
                "sha256:9efcc4340ef5085fba9a6f85ba0e7b26a43f6d3fada8ddef0d0299524e67884b"
            ],
            "version": "==0.40.0"
        },
        "azure-mgmt-web": {
            "hashes": [
                "sha256:6d44f248f36dafb3a8f5175060d1959fdfa267dbd4e808b0270b8bbfd2c695c1",
                "sha256:f26ded3e0ed38af5b89f89bcb16fabe2b0ef9b95fa792dfd40cab67d63e53569"
            ],
            "version": "==0.34.1"
        },
        "azure-nspkg": {
            "hashes": [
                "sha256:4bd758e649f57cc188db4f3c64becaca16195e057e4362b6caad56fe1e7934e9",
                "sha256:fe19ee5d8c66ee8ef62557fc7310f59cffb7230f0a94701eef79f6e3191fdc7b"
            ],
            "version": "==2.0.0"
        },
        "azure-servicebus": {
            "hashes": [
                "sha256:30d5beaf73eaf40aba52fdd7f7f26dd8c3e639051dc19a5f2ab5f8e7832d68f7",
                "sha256:bb6a27afc8f1ea9ab46ff2371069243d45000d351d9b64e450b63d52409b934d"
            ],
            "version": "==0.21.1"
        },
        "azure-servicefabric": {
            "hashes": [
                "sha256:22b034c9245cea556e892a9d7a998a9bab3d6d65c3673e0603f7bd9459a3c8c8",
                "sha256:90da2b282757126fdc62b67607b76c4d5a62697ef229f5c54a4ba32fe00ea378"
            ],
            "version": "==6.1.2.9"
        },
        "azure-servicemanagement-legacy": {
            "hashes": [
                "sha256:282d48aae6aa002c59db6f651b68777a8f93692bb8e9b443113e6a8d5ce5e875",
                "sha256:c883ff8fa3d4f4cb7b9344e8cb7d92a9feca2aa5efd596237aeea89e5c10981d"
            ],
            "version": "==0.20.6"
        },
        "azure-storage-blob": {
            "hashes": [
                "sha256:4fdcdc20e36d0f97a58bdffe1b26fc2b8b983c59ff8625e961c188c925891c66",
                "sha256:71d08a195a8cc732cbc0a45a552c7c8d495a2ef3721cbc993d0e586d0493d529"
            ],
            "version": "==1.1.0"
        },
        "azure-storage-common": {
            "hashes": [
                "sha256:2aad9fdaa6052867f19515a5d0acaa650103532cc50a8a8974b0d76e485525a0",
                "sha256:8c67a4b0ad9ef16c4da3ca050ac7ad2117818797365d7e3bb4f371bdb78040cf"
            ],
            "version": "==1.1.0"
        },
        "azure-storage-file": {
            "hashes": [
                "sha256:9cd80baee0ebc062581d747e55de5d8eafcf8fe68c81628403f28e3335e392b5",
                "sha256:bef3719bad2c3c3a04e8051f5e26e2f557800721f89aff04286c7abb4b97819a"
            ],
            "version": "==1.1.0"
        },
        "azure-storage-nspkg": {
            "hashes": [
                "sha256:4fc4685aef941eab2f7fb53824254cca2e38f2a1bf33cda0c8ae654fe15827d6",
                "sha256:855315c038c0e695868025127e1b3057a1f984af9ccfbaeac4fbfd6c5dd3b466"
            ],
            "version": "==3.0.0"
        },
        "azure-storage-queue": {
            "hashes": [
                "sha256:20b0a8475072321b75014599d3858b01ff2a362013364f2cb44fa9b3b398a305",
                "sha256:aa37eae2190c8ff4ed66e79de6d34fe9658ecfbf0d108765528c32ed8bee0f50"
            ],
            "version": "==1.1.0"
        },
        "certifi": {
            "hashes": [
                "sha256:13e698f54293db9f89122b0581843a782ad0934a4fe0172d2a980ba77fc61bb7",
                "sha256:9fa520c1bacfb634fa7af20a76bcbd3d5fb390481724c597da32c719a7dca4b0"
            ],
            "version": "==2018.4.16"
        },
        "cffi": {
            "hashes": [
                "sha256:151b7eefd035c56b2b2e1eb9963c90c6302dc15fbd8c1c0a83a163ff2c7d7743",
                "sha256:1553d1e99f035ace1c0544050622b7bc963374a00c467edafac50ad7bd276aef",
                "sha256:1b0493c091a1898f1136e3f4f991a784437fac3673780ff9de3bcf46c80b6b50",
                "sha256:2ba8a45822b7aee805ab49abfe7eec16b90587f7f26df20c71dd89e45a97076f",
                "sha256:3c85641778460581c42924384f5e68076d724ceac0f267d66c757f7535069c93",
                "sha256:3eb6434197633b7748cea30bf0ba9f66727cdce45117a712b29a443943733257",
                "sha256:4c91af6e967c2015729d3e69c2e51d92f9898c330d6a851bf8f121236f3defd3",
                "sha256:770f3782b31f50b68627e22f91cb182c48c47c02eb405fd689472aa7b7aa16dc",
                "sha256:79f9b6f7c46ae1f8ded75f68cf8ad50e5729ed4d590c74840471fc2823457d04",
                "sha256:7a33145e04d44ce95bcd71e522b478d282ad0eafaf34fe1ec5bbd73e662f22b6",
                "sha256:857959354ae3a6fa3da6651b966d13b0a8bed6bbc87a0de7b38a549db1d2a359",
                "sha256:87f37fe5130574ff76c17cab61e7d2538a16f843bb7bca8ebbc4b12de3078596",
                "sha256:95d5251e4b5ca00061f9d9f3d6fe537247e145a8524ae9fd30a2f8fbce993b5b",
                "sha256:9d1d3e63a4afdc29bd76ce6aa9d58c771cd1599fbba8cf5057e7860b203710dd",
                "sha256:a36c5c154f9d42ec176e6e620cb0dd275744aa1d804786a71ac37dc3661a5e95",
                "sha256:ae5e35a2c189d397b91034642cb0eab0e346f776ec2eb44a49a459e6615d6e2e",
                "sha256:b0f7d4a3df8f06cf49f9f121bead236e328074de6449866515cea4907bbc63d6",
                "sha256:b75110fb114fa366b29a027d0c9be3709579602ae111ff61674d28c93606acca",
                "sha256:ba5e697569f84b13640c9e193170e89c13c6244c24400fc57e88724ef610cd31",
                "sha256:be2a9b390f77fd7676d80bc3cdc4f8edb940d8c198ed2d8c0be1319018c778e1",
                "sha256:d5d8555d9bfc3f02385c1c37e9f998e2011f0db4f90e250e5bc0c0a85a813085",
                "sha256:e55e22ac0a30023426564b1059b035973ec82186ddddbac867078435801c7801",
                "sha256:e90f17980e6ab0f3c2f3730e56d1fe9bcba1891eeea58966e89d352492cc74f4",
                "sha256:ecbb7b01409e9b782df5ded849c178a0aa7c906cf8c5a67368047daab282b184",
                "sha256:ed01918d545a38998bfa5902c7c00e0fee90e957ce036a4000a88e3fe2264917",
                "sha256:edabd457cd23a02965166026fd9bfd196f4324fe6032e866d0f3bd0301cd486f",
                "sha256:fdf1c1dc5bafc32bc5d08b054f94d659422b05aba244d6be4ddc1c72d9aa70fb"
            ],
            "version": "==1.11.5"
        },
        "chardet": {
            "hashes": [
                "sha256:84ab92ed1c4d4f16916e05906b6b75a6c0fb5db821cc65e70cbd64a3e2a5eaae",
                "sha256:fc323ffcaeaed0e0a02bf4d117757b98aed530d9ed4531e3e15460124c106691"
            ],
            "version": "==3.0.4"
        },
        "click": {
            "hashes": [
                "sha256:29f99fc6125fbc931b758dc053b3114e55c77a6e4c6c3a2674a2dc986016381d",
                "sha256:f15516df478d5a56180fbf80e68f206010e6d160fc39fa508b65e035fd75130b"
            ],
            "index": "pypi",
            "version": "==6.7"
        },
        "cryptography": {
            "hashes": [
                "sha256:3f3b65d5a16e6b52fba63dc860b62ca9832f51f1a2ae5083c78b6840275f12dd",
                "sha256:551a3abfe0c8c6833df4192a63371aa2ff43afd8f570ed345d31f251d78e7e04",
                "sha256:5cb990056b7cadcca26813311187ad751ea644712022a3976443691168781b6f",
                "sha256:60bda7f12ecb828358be53095fc9c6edda7de8f1ef571f96c00b2363643fa3cd",
                "sha256:6fef51ec447fe9f8351894024e94736862900d3a9aa2961528e602eb65c92bdb",
                "sha256:77d0ad229d47a6e0272d00f6bf8ac06ce14715a9fd02c9a97f5a2869aab3ccb2",
                "sha256:808fe471b1a6b777f026f7dc7bd9a4959da4bfab64972f2bbe91e22527c1c037",
                "sha256:9b62fb4d18529c84b961efd9187fecbb48e89aa1a0f9f4161c61b7fc42a101bd",
                "sha256:9e5bed45ec6b4f828866ac6a6bedf08388ffcfa68abe9e94b34bb40977aba531",
                "sha256:9fc295bf69130a342e7a19a39d7bbeb15c0bcaabc7382ec33ef3b2b7d18d2f63",
                "sha256:abd070b5849ed64e6d349199bef955ee0ad99aefbad792f0c587f8effa681a5e",
                "sha256:ba6a774749b6e510cffc2fb98535f717e0e5fd91c7c99a61d223293df79ab351",
                "sha256:c332118647f084c983c6a3e1dba0f3bcb051f69d12baccac68db8d62d177eb8a",
                "sha256:d6f46e862ee36df81e6342c2177ba84e70f722d9dc9c6c394f9f1f434c4a5563",
                "sha256:db6013746f73bf8edd9c3d1d3f94db635b9422f503db3fc5ef105233d4c011ab",
                "sha256:f57008eaff597c69cf692c3518f6d4800f0309253bb138b526a37fe9ef0c7471",
                "sha256:f6c821ac253c19f2ad4c8691633ae1d1a17f120d5b01ea1d256d7b602bc59887"
            ],
            "version": "==2.2.2"
        },
        "e1839a8": {
            "editable": true,
            "path": "."
        },
        "entrypoints": {
            "hashes": [
                "sha256:10ad569bb245e7e2ba425285b9fa3e8178a0dc92fc53b1e1c553805e15a8825b",
                "sha256:d2d587dde06f99545fb13a383d2cd336a8ff1f359c5839ce3a64c917d10c029f"
            ],
            "version": "==0.2.3"
        },
        "flask": {
            "hashes": [
                "sha256:2271c0070dbcb5275fad4a82e29f23ab92682dc45f9dfbc22c02ba9b9322ce48",
                "sha256:a080b744b7e345ccfcbc77954861cb05b3c63786e93f2b3875e0913d44b43f05"
            ],
            "version": "==1.0.2"
        },
        "flask-sqlalchemy": {
            "hashes": [
                "sha256:3bc0fac969dd8c0ace01b32060f0c729565293302f0c4269beed154b46bec50b",
                "sha256:5971b9852b5888655f11db634e87725a9031e170f37c0ce7851cf83497f56e53"
            ],
            "index": "pypi",
            "version": "==2.3.2"
        },
        "futures": {
            "hashes": [
                "sha256:9ec02aa7d674acb8618afb127e27fde7fc68994c0437ad759fa094a574adb265",
                "sha256:ec0a6cb848cc212002b9828c3e34c675e0c9ff6741dc445cab6fdd4e1085d1f1"
            ],
            "version": "==3.2.0"
        },
        "idna": {
            "hashes": [
                "sha256:2c6a5de3089009e3da7c5dde64a141dbc8551d5b7f6cf4ed7c2568d0cc520a8f",
                "sha256:8c7309c718f94b3a625cb648ace320157ad16ff131ae0af362c9f21b80ef6ec4"
            ],
            "version": "==2.6"
        },
        "isodate": {
            "hashes": [
                "sha256:2e364a3d5759479cdb2d37cce6b9376ea504db2ff90252a2e5b7cc89cc9ff2d8",
                "sha256:aa4d33c06640f5352aca96e4b81afd8ab3b47337cc12089822d6f322ac772c81"
            ],
            "version": "==0.6.0"
        },
        "itsdangerous": {
            "hashes": [
                "sha256:cbb3fcf8d3e33df861709ecaf89d9e6629cff0a217bc2848f1b41cd30d360519"
            ],
            "version": "==0.24"
        },
        "jinja2": {
            "hashes": [
                "sha256:74c935a1b8bb9a3947c50a54766a969d4846290e1e788ea44c1392163723c3bd",
                "sha256:f84be1bb0040caca4cea721fcbbbbd61f9be9464ca236387158b0feea01914a4"
            ],
            "version": "==2.10"
        },
        "keyring": {
            "hashes": [
                "sha256:4498eaa2e32fc69a8b36749116b670c379d36a1a9ad4ab107df1e19c8a120ffe",
                "sha256:fd597e72df7240ec5a4215c50957e41c3d4bd321d97bf163f4a8e75ca287d77b"
            ],
            "version": "==12.2.1"
        },
        "markupsafe": {
            "hashes": [
                "sha256:a6be69091dac236ea9c6bc7d012beab42010fa914c459791d627dad4910eb665"
            ],
            "version": "==1.0"
        },
        "msrest": {
            "hashes": [
                "sha256:ce0a558173b7c7bff87dc66e24331382c81a89367ea52c52bbb934de6064cb45",
                "sha256:df42272848ebbf3bc76d0e441ad28be6fadabd0983bb5c732e236620ce707e75"
            ],
            "version": "==0.4.29"
        },
        "msrestazure": {
            "hashes": [
                "sha256:699f83cd19a098e41b723dbd9c4765ea0886ea15508f63e2709623883e4f754d",
                "sha256:cdb9b5e0bd5947ac09d528ba4a2459607f34eb8c9a3b5d84482ccaf76f588ec0"
            ],
            "version": "==0.4.31"
        },
        "oauthlib": {
            "hashes": [
                "sha256:ac35665a61c1685c56336bda97d5eefa246f1202618a1d6f34fccb1bdd404162",
                "sha256:d883b36b21a6ad813953803edfa563b1b579d79ca758fe950d1bc9e8b326025b"
            ],
            "version": "==2.1.0"
        },
        "pycparser": {
            "hashes": [
                "sha256:99a8ca03e29851d96616ad0404b4aad7d9ee16f25c9f9708a11faf2810f7b226"
            ],
            "version": "==2.18"
        },
        "pyjwt": {
            "hashes": [
                "sha256:30b1380ff43b55441283cc2b2676b755cca45693ae3097325dea01f3d110628c",
                "sha256:4ee413b357d53fd3fb44704577afac88e72e878716116270d722723d65b42176"
            ],
            "version": "==1.6.4"
        },
        "pyodbc": {
            "hashes": [
                "sha256:0d16d2ab46092e59014d42293db9ff116a2929eed72cb847f6bd29040f1790ab",
                "sha256:275c01335490712564235a94fdbafdba85721337f6a31f649f8cc0f559ac1144",
                "sha256:28451afcee183337f7f07048bedf0d138e74727406e9bb97a27626c85591a8a5",
                "sha256:4a71b7a65b02585864eee4b87a39a31700854cb55170db7f47ab49ce2ac5a9fe",
                "sha256:5f37be47ebe9b8e3244268fdb3b9cfdd119f138be9b7b39814270ce0d7a3aaca",
                "sha256:a8f4fb7adf854584ccb1da872f0625e6464d28c06641cf5ab419f02045e56d84",
                "sha256:ad333ea7bafecd75357839d1d186f1c13e6f18c95a857eb1622f8aa480cfb40c",
                "sha256:bb33d032c1f25781db64e2e4fecf77047fab2ddde42a6cd9496e3c66fb8e9f66",
                "sha256:bbdedf6882864c2822fa9263d5dda8f3f87189f83158f02ebd77770a930a9ef6",
                "sha256:bd74b09592c300af4926da05533eea00e375ab3c9900fd109516bf635a42e346",
                "sha256:d65afdec794d62defafcf5b379805bcaf8d63735f72107cb3590af92ed61436f",
                "sha256:e5ec8522d8fa39abedf2da4b9bf43b65b932c80ec452442df319075ab9fe7bd5",
                "sha256:fc92776ddfb3411b816bc255726343fc4350be8d679efa420a6129ac02927ae7"
            ],
            "index": "pypi",
            "version": "==4.0.23"
        },
        "python-dateutil": {
            "hashes": [
                "sha256:1adb80e7a782c12e52ef9a8182bebeb73f1d7e24e374397af06fb4956c8dc5c0",
                "sha256:e27001de32f627c22380a688bcc43ce83504a7bc5da472209b4c70f02829f0b8"
            ],
            "version": "==2.7.3"
        },
        "python-dotenv": {
            "hashes": [
                "sha256:4965ed170bf51c347a89820e8050655e9c25db3837db6602e906b6d850fad85c",
                "sha256:509736185257111613009974e666568a1b031b028b61b500ef1ab4ee780089d5"
            ],
            "version": "==0.8.2"
        },
        "pywin32-ctypes": {
            "hashes": [
                "sha256:4820b830f42e6889d34142bcd07b3896018c3620d8c31f5e13b72caf1f4d1d0f"
            ],
            "markers": "sys_platform == 'win32'",
            "version": "==0.1.2"
        },
        "requests": {
            "hashes": [
                "sha256:6a1b267aa90cac58ac3a765d067950e7dbbf75b1da07e895d1f594193a40a38b",
                "sha256:9c443e7324ba5b85070c4a818ade28bfabedf16ea10206da1132edaa6dda237e"
            ],
            "version": "==2.18.4"
        },
        "requests-oauthlib": {
            "hashes": [
                "sha256:50a8ae2ce8273e384895972b56193c7409601a66d4975774c60c2aed869639ca",
                "sha256:883ac416757eada6d3d07054ec7092ac21c7f35cb1d2cf82faf205637081f468"
            ],
            "version": "==0.8.0"
        },
        "six": {
            "hashes": [
                "sha256:70e8a77beed4562e7f14fe23a786b54f6296e34344c23bc42f07b15018ff98e9",
                "sha256:832dc0e10feb1aa2c68dcc57dbb658f1c7e65b9b61af69048abc87a2db00a0eb"
            ],
            "version": "==1.11.0"
        },
        "sqlalchemy": {
            "hashes": [
                "sha256:2d5f08f714a886a1382c18be501e614bce50d362384dc089474019ce0768151c"
            ],
            "version": "==1.2.8"
        },
        "urllib3": {
            "hashes": [
                "sha256:06330f386d6e4b195fbfc736b297f58c5a892e4440e54d294d7004e3a9bbea1b",
                "sha256:cc44da8e1145637334317feebd728bd869a35285b93cbb4cca2577da7e62db4f"
            ],
            "version": "==1.22"
        },
        "werkzeug": {
            "hashes": [
                "sha256:c3fd7a7d41976d9f44db327260e263132466836cef6f91512889ed60ad26557c",
                "sha256:d5da73735293558eb1651ee2fddc4d0dedcfa06538b8813a2e20011583c9e49b"
            ],
            "version": "==0.14.1"
        },
        "wrapt": {
            "hashes": [
                "sha256:d4d560d479f2c21e1b5443bbd15fe7ec4b37fe7e53d335d3b9b0a7b1226fe3c6"
            ],
            "version": "==1.10.11"
        }
    },
    "develop": {}
}
